
Microsoft Visual Studio Solution File, Format Version 12.00
# Visual Studio 15
VisualStudioVersion = 15.0.27428.2002
MinimumVisualStudioVersion = 10.0.40219.1
Project("{FAE04EC0-301F-11D3-BF4B-00C04F79EFBC}") = "Projekti_TI1_MenaxhimiTermineveTeFutbollit", "Projekti_TI1_MenaxhimiTermineveTeFutbollit\Projekti_TI1_MenaxhimiTermineveTeFutbollit.csproj", "{39FBDF01-C36E-41AB-926E-11B94960BEED}"
EndProject
Project("{FAE04EC0-301F-11D3-BF4B-00C04F79EFBC}") = "AccessLayer", "AccessLayer\AccessLayer.csproj", "{16290752-B7FE-4158-9CC3-35DA8CC1B213}"
EndProject
Project("{FAE04EC0-301F-11D3-BF4B-00C04F79EFBC}") = "BussinessLayer", "BussinessLayer\BussinessLayer.csproj", "{5E0BFFE8-00D4-4CD3-BF41-CC557E9EAAAF}"
EndProject
Project("{FAE04EC0-301F-11D3-BF4B-00C04F79EFBC}") = "EntityLayer", "EntityLayer\EntityLayer.csproj", "{2117B264-7E84-4AB9-AD14-7114F0E42BF7}"
EndProject
Global
	GlobalSection(SolutionConfigurationPlatforms) = preSolution
		Debug|Any CPU = Debug|Any CPU
		Release|Any CPU = Release|Any CPU
	EndGlobalSection
	GlobalSection(ProjectConfigurationPlatforms) = postSolution
		{39FBDF01-C36E-41AB-926E-11B94960BEED}.Debug|Any CPU.ActiveCfg = Debug|Any CPU
		{39FBDF01-C36E-41AB-926E-11B94960BEED}.Debug|Any CPU.Build.0 = Debug|Any CPU
		{39FBDF01-C36E-41AB-926E-11B94960BEED}.Release|Any CPU.ActiveCfg = Release|Any CPU
		{39FBDF01-C36E-41AB-926E-11B94960BEED}.Release|Any CPU.Build.0 = Release|Any CPU
		{16290752-B7FE-4158-9CC3-35DA8CC1B213}.Debug|Any CPU.ActiveCfg = Debug|Any CPU
		{16290752-B7FE-4158-9CC3-35DA8CC1B213}.Debug|Any CPU.Build.0 = Debug|Any CPU
		{16290752-B7FE-4158-9CC3-35DA8CC1B213}.Release|Any CPU.ActiveCfg = Release|Any CPU
		{16290752-B7FE-4158-9CC3-35DA8CC1B213}.Release|Any CPU.Build.0 = Release|Any CPU
		{5E0BFFE8-00D4-4CD3-BF41-CC557E9EAAAF}.Debug|Any CPU.ActiveCfg = Debug|Any CPU
		{5E0BFFE8-00D4-4CD3-BF41-CC557E9EAAAF}.Debug|Any CPU.Build.0 = Debug|Any CPU
		{5E0BFFE8-00D4-4CD3-BF41-CC557E9EAAAF}.Release|Any CPU.ActiveCfg = Release|Any CPU
		{5E0BFFE8-00D4-4CD3-BF41-CC557E9EAAAF}.Release|Any CPU.Build.0 = Release|Any CPU
		{2117B264-7E84-4AB9-AD14-7114F0E42BF7}.Debug|Any CPU.ActiveCfg = Debug|Any CPU
		{2117B264-7E84-4AB9-AD14-7114F0E42BF7}.Debug|Any CPU.Build.0 = Debug|Any CPU
		{2117B264-7E84-4AB9-AD14-7114F0E42BF7}.Release|Any CPU.ActiveCfg = Release|Any CPU
		{2117B264-7E84-4AB9-AD14-7114F0E42BF7}.Release|Any CPU.Build.0 = Release|Any CPU
	EndGlobalSection
	GlobalSection(SolutionProperties) = preSolution
		HideSolutionNode = FALSE
	EndGlobalSection
	GlobalSection(ExtensibilityGlobals) = postSolution
		SolutionGuid = {CFE90D1B-C116-4FBB-9F11-CE5285799491}
	EndGlobalSection
EndGlobal
